
Microsoft Visual Studio Solution File, Format Version 12.00
# Visual Studio Version 17
VisualStudioVersion = 17.0.31903.59
MinimumVisualStudioVersion = 10.0.40219.1
Project("{FAE04EC0-301F-11D3-BF4B-00C04F79EFBC}") = "Antigravity.Core", "src\Antigravity.Core\Antigravity.Core.csproj", "{11111111-2222-3333-4444-555566667777}"
EndProject
Project("{FAE04EC0-301F-11D3-BF4B-00C04F79EFBC}") = "Antigravity.Main", "src\Antigravity.Main\Antigravity.Main.csproj", "{88888888-9999-0000-AAAA-BBBBCCCCDDDD}"
EndProject
Project("{FAE04EC0-301F-11D3-BF4B-00C04F79EFBC}") = "Antigravity.DrawColumns", "src\Antigravity.DrawColumns\Antigravity.DrawColumns.csproj", "{22222222-3333-4444-5555-666677778888}"
EndProject
Project("{FAE04EC0-301F-11D3-BF4B-00C04F79EFBC}") = "Antigravity.DrawBeams", "src\Antigravity.DrawBeams\Antigravity.DrawBeams.csproj", "{33333333-4444-5555-6666-777788889999}"
EndProject
Project("{FAE04EC0-301F-11D3-BF4B-00C04F79EFBC}") = "Antigravity.DrawWalls", "src\Antigravity.DrawWalls\Antigravity.DrawWalls.csproj", "{44444444-5555-6666-7777-888899990000}"
EndProject
Project("{FAE04EC0-301F-11D3-BF4B-00C04F79EFBC}") = "Antigravity.DrawFloors", "src\Antigravity.DrawFloors\Antigravity.DrawFloors.csproj", "{55555555-6666-7777-8888-999900001111}"
EndProject
Project("{FAE04EC0-301F-11D3-BF4B-00C04F79EFBC}") = "Antigravity.Autojoin", "src\Antigravity.Autojoin\Antigravity.Autojoin.csproj", "{66666666-7777-8888-9999-000011112222}"
EndProject
Project("{2150E333-8FDC-42A3-9474-1A3956D46DE8}") = "src", "src", "{827E0CD3-B72D-47B6-A68D-7590B98EB39B}"
EndProject
Project("{FAE04EC0-301F-11D3-BF4B-00C04F79EFBC}") = "Antigravity.ZoneSplit", "src\Antigravity.ZoneSplit\Antigravity.ZoneSplit.csproj", "{2907C637-2E6A-40A9-A6E1-BA56DDC1D311}"
EndProject
Project("{FAE04EC0-301F-11D3-BF4B-00C04F79EFBC}") = "Antigravity.DoorClearance", "src\Antigravity.DoorClearance\Antigravity.DoorClearance.csproj", "{17FB51B3-0068-4831-9BB1-C82BFE45BEB5}"
EndProject
Project("{FAE04EC0-301F-11D3-BF4B-00C04F79EFBC}") = "Antigravity.AutoDimWalls", "src\Antigravity.AutoDimWalls\Antigravity.AutoDimWalls.csproj", "{4E7AB3C7-7A4C-4860-9869-2FF8EF2C66FD}"
EndProject
Project("{FAE04EC0-301F-11D3-BF4B-00C04F79EFBC}") = "Antigravity.CadVoidPlacer", "src\Antigravity.CadVoidPlacer\Antigravity.CadVoidPlacer.csproj", "{C0A943F0-5026-40C5-928B-509D9C2BE171}"
EndProject
Project("{FAE04EC0-301F-11D3-BF4B-00C04F79EFBC}") = "Antigravity.TagArranger", "src\Antigravity.TagArranger\Antigravity.TagArranger.csproj", "{E9643C72-D965-4E68-87B2-09D84B2A0BA2}"
EndProject
Project("{FAE04EC0-301F-11D3-BF4B-00C04F79EFBC}") = "Antigravity.CadSleevePlacer", "src\Antigravity.CadSleevePlacer\Antigravity.CadSleevePlacer.csproj", "{1AB754E1-003E-4FC0-9D9D-9E394FA8B3C3}"
EndProject
Project("{FAE04EC0-301F-11D3-BF4B-00C04F79EFBC}") = "Antigravity.IssueManager", "src\Antigravity.IssueManager\Antigravity.IssueManager.csproj", "{F892A2C1-30A5-4E7B-9A8C-B2B2D1C1E4F5}"
EndProject
Project("{FAE04EC0-301F-11D3-BF4B-00C04F79EFBC}") = "Antigravity.CheckFloorElevation", "src\Antigravity.CheckFloorElevation\Antigravity.CheckFloorElevation.csproj", "{A13B7A08-1D01-40B6-81E7-D1EE2EC25D52}"
EndProject
Project("{FAE04EC0-301F-11D3-BF4B-00C04F79EFBC}") = "Antigravity.IssueManager.Installer", "src\Antigravity.IssueManager.Installer\Antigravity.IssueManager.Installer.csproj", "{545D9643-68C4-48F2-A405-995857129AA3}"
EndProject
Project("{FAE04EC0-301F-11D3-BF4B-00C04F79EFBC}") = "Antigravity.BIMLink.Core", "src\Antigravity.BIMLink.Core\Antigravity.BIMLink.Core.csproj", "{6BC4053C-8AEC-4C59-B9D3-D6084D3D2B38}"
EndProject
Project("{FAE04EC0-301F-11D3-BF4B-00C04F79EFBC}") = "Antigravity.BIMLink.Revit", "src\Antigravity.BIMLink.Revit\Antigravity.BIMLink.Revit.csproj", "{D01545BC-9968-42B1-9258-BDD9E7E8144D}"
EndProject
Project("{FAE04EC0-301F-11D3-BF4B-00C04F79EFBC}") = "Antigravity.BIMLink.Etabs", "src\Antigravity.BIMLink.Etabs\Antigravity.BIMLink.Etabs.csproj", "{6CEBB323-DB17-4F6A-A8CA-ECFDD1ACCD16}"
EndProject
Project("{FAE04EC0-301F-11D3-BF4B-00C04F79EFBC}") = "Antigravity.WallMepClash", "src\Antigravity.WallMepClash\Antigravity.WallMepClash.csproj", "{A5E6BD6E-8CE1-44B1-8C17-8B7FE8BCA39C}"
EndProject
Project("{FAE04EC0-301F-11D3-BF4B-00C04F79EFBC}") = "Antigravity.WallMepClash.Tests", "src\Antigravity.WallMepClash.Tests\Antigravity.WallMepClash.Tests.csproj", "{FDF45543-A3CD-442B-8E99-B0E324F9651C}"
EndProject
Project("{FAE04EC0-301F-11D3-BF4B-00C04F79EFBC}") = "Antigravity.HoanThien", "src\Antigravity.HoanThien\Antigravity.HoanThien.csproj", "{005BCB44-333D-43EC-AD34-BDB3BEFB906D}"
EndProject
Project("{2150E333-8FDC-42A3-9474-1A3956D46DE8}") = "tests", "tests", "{0AB3BF05-4346-4AA6-1389-037BE0695223}"
EndProject
Project("{FAE04EC0-301F-11D3-BF4B-00C04F79EFBC}") = "Antigravity.HoanThien.Tests", "tests\Antigravity.HoanThien.Tests\Antigravity.HoanThien.Tests.csproj", "{F84BBCB5-4B23-4689-B2F4-BC19BD0EEF4F}"
EndProject
Project("{FAE04EC0-301F-11D3-BF4B-00C04F79EFBC}") = "Antigravity.ArchModeling", "src\Antigravity.ArchModeling\Antigravity.ArchModeling.csproj", "{28D3243E-908B-4BAD-845F-DDB9E03C776B}"
EndProject
Project("{FAE04EC0-301F-11D3-BF4B-00C04F79EFBC}") = "Antigravity.AutoCAD.HatchBridge", "src\Antigravity.AutoCAD.HatchBridge\Antigravity.AutoCAD.HatchBridge.csproj", "{6D8F6F0E-2CC9-4E93-9A3B-DFEB94F822DE}"
EndProject
Project("{FAE04EC0-301F-11D3-BF4B-00C04F79EFBC}") = "Antigravity.HatchPatterns.Contracts", "src\Antigravity.HatchPatterns.Contracts\Antigravity.HatchPatterns.Contracts.csproj", "{D768DFAF-5928-4E7C-9CDE-FF688D590AA4}"
EndProject
Project("{FAE04EC0-301F-11D3-BF4B-00C04F79EFBC}") = "Antigravity.HatchPatterns.Core", "src\Antigravity.HatchPatterns.Core\Antigravity.HatchPatterns.Core.csproj", "{334D9940-6837-4AC0-A14F-CB6D1B9A09B2}"
EndProject
Project("{FAE04EC0-301F-11D3-BF4B-00C04F79EFBC}") = "Antigravity.AutoFoundation", "src\Antigravity.AutoFoundation\Antigravity.AutoFoundation.csproj", "{B142D220-ED65-43B5-9CA2-B5BEE069547A}"
EndProject
Project("{FAE04EC0-301F-11D3-BF4B-00C04F79EFBC}") = "Antigravity.Formwork.Core", "src\Antigravity.Formwork.Core\Antigravity.Formwork.Core.csproj", "{A53425C6-56C9-487B-884D-05E7A6150527}"
EndProject
Project("{FAE04EC0-301F-11D3-BF4B-00C04F79EFBC}") = "Antigravity.Formwork", "src\Antigravity.Formwork\Antigravity.Formwork.csproj", "{F940553E-2957-4E80-A92C-6D10D8B8F067}"
EndProject
Project("{FAE04EC0-301F-11D3-BF4B-00C04F79EFBC}") = "Antigravity.LOQN1_Location", "src\Antigravity.LOQN1_Location\Antigravity.LOQN1_Location.csproj", "{D7734B3F-3463-4CF9-95E9-2CF225AF1AFF}"
EndProject
Project("{FAE04EC0-301F-11D3-BF4B-00C04F79EFBC}") = "Antigravity.DrawBeams.Tests", "tests\Antigravity.DrawBeams.Tests\Antigravity.DrawBeams.Tests.csproj", "{5D4A4DE5-A722-4C8C-A5EE-E820699D5ED6}"
EndProject
Global
	GlobalSection(SolutionConfigurationPlatforms) = preSolution
		Debug|Any CPU = Debug|Any CPU
		Debug|x64 = Debug|x64
		Debug|x86 = Debug|x86
		Release|Any CPU = Release|Any CPU
		Release|x64 = Release|x64
		Release|x86 = Release|x86
	EndGlobalSection
	GlobalSection(ProjectConfigurationPlatforms) = postSolution
		{11111111-2222-3333-4444-555566667777}.Debug|Any CPU.ActiveCfg = Debug|Any CPU
		{11111111-2222-3333-4444-555566667777}.Debug|Any CPU.Build.0 = Debug|Any CPU
		{11111111-2222-3333-4444-555566667777}.Debug|x64.ActiveCfg = Debug|Any CPU
		{11111111-2222-3333-4444-555566667777}.Debug|x64.Build.0 = Debug|Any CPU
		{11111111-2222-3333-4444-555566667777}.Debug|x86.ActiveCfg = Debug|Any CPU
		{11111111-2222-3333-4444-555566667777}.Debug|x86.Build.0 = Debug|Any CPU
		{11111111-2222-3333-4444-555566667777}.Release|Any CPU.ActiveCfg = Release|Any CPU
		{11111111-2222-3333-4444-555566667777}.Release|Any CPU.Build.0 = Release|Any CPU
		{11111111-2222-3333-4444-555566667777}.Release|x64.ActiveCfg = Release|Any CPU
		{11111111-2222-3333-4444-555566667777}.Release|x64.Build.0 = Release|Any CPU
		{11111111-2222-3333-4444-555566667777}.Release|x86.ActiveCfg = Release|Any CPU
		{11111111-2222-3333-4444-555566667777}.Release|x86.Build.0 = Release|Any CPU
		{88888888-9999-0000-AAAA-BBBBCCCCDDDD}.Debug|Any CPU.ActiveCfg = Debug|Any CPU
		{88888888-9999-0000-AAAA-BBBBCCCCDDDD}.Debug|Any CPU.Build.0 = Debug|Any CPU
		{88888888-9999-0000-AAAA-BBBBCCCCDDDD}.Debug|x64.ActiveCfg = Debug|Any CPU
		{88888888-9999-0000-AAAA-BBBBCCCCDDDD}.Debug|x64.Build.0 = Debug|Any CPU
		{88888888-9999-0000-AAAA-BBBBCCCCDDDD}.Debug|x86.ActiveCfg = Debug|Any CPU
		{88888888-9999-0000-AAAA-BBBBCCCCDDDD}.Debug|x86.Build.0 = Debug|Any CPU
		{88888888-9999-0000-AAAA-BBBBCCCCDDDD}.Release|Any CPU.ActiveCfg = Release|Any CPU
		{88888888-9999-0000-AAAA-BBBBCCCCDDDD}.Release|Any CPU.Build.0 = Release|Any CPU
		{88888888-9999-0000-AAAA-BBBBCCCCDDDD}.Release|x64.ActiveCfg = Release|Any CPU
		{88888888-9999-0000-AAAA-BBBBCCCCDDDD}.Release|x64.Build.0 = Release|Any CPU
		{88888888-9999-0000-AAAA-BBBBCCCCDDDD}.Release|x86.ActiveCfg = Release|Any CPU
		{88888888-9999-0000-AAAA-BBBBCCCCDDDD}.Release|x86.Build.0 = Release|Any CPU
		{22222222-3333-4444-5555-666677778888}.Debug|Any CPU.ActiveCfg = Debug|Any CPU
		{22222222-3333-4444-5555-666677778888}.Debug|Any CPU.Build.0 = Debug|Any CPU
		{22222222-3333-4444-5555-666677778888}.Debug|x64.ActiveCfg = Debug|Any CPU
		{22222222-3333-4444-5555-666677778888}.Debug|x64.Build.0 = Debug|Any CPU
		{22222222-3333-4444-5555-666677778888}.Debug|x86.ActiveCfg = Debug|Any CPU
		{22222222-3333-4444-5555-666677778888}.Debug|x86.Build.0 = Debug|Any CPU
		{22222222-3333-4444-5555-666677778888}.Release|Any CPU.ActiveCfg = Release|Any CPU
		{22222222-3333-4444-5555-666677778888}.Release|Any CPU.Build.0 = Release|Any CPU
		{22222222-3333-4444-5555-666677778888}.Release|x64.ActiveCfg = Release|Any CPU
		{22222222-3333-4444-5555-666677778888}.Release|x64.Build.0 = Release|Any CPU
		{22222222-3333-4444-5555-666677778888}.Release|x86.ActiveCfg = Release|Any CPU
		{22222222-3333-4444-5555-666677778888}.Release|x86.Build.0 = Release|Any CPU
		{33333333-4444-5555-6666-777788889999}.Debug|Any CPU.ActiveCfg = Debug|Any CPU
		{33333333-4444-5555-6666-777788889999}.Debug|Any CPU.Build.0 = Debug|Any CPU
		{33333333-4444-5555-6666-777788889999}.Debug|x64.ActiveCfg = Debug|Any CPU
		{33333333-4444-5555-6666-777788889999}.Debug|x64.Build.0 = Debug|Any CPU
		{33333333-4444-5555-6666-777788889999}.Debug|x86.ActiveCfg = Debug|Any CPU
		{33333333-4444-5555-6666-777788889999}.Debug|x86.Build.0 = Debug|Any CPU
		{33333333-4444-5555-6666-777788889999}.Release|Any CPU.ActiveCfg = Release|Any CPU
		{33333333-4444-5555-6666-777788889999}.Release|Any CPU.Build.0 = Release|Any CPU
		{33333333-4444-5555-6666-777788889999}.Release|x64.ActiveCfg = Release|Any CPU
		{33333333-4444-5555-6666-777788889999}.Release|x64.Build.0 = Release|Any CPU
		{33333333-4444-5555-6666-777788889999}.Release|x86.ActiveCfg = Release|Any CPU
		{33333333-4444-5555-6666-777788889999}.Release|x86.Build.0 = Release|Any CPU
		{44444444-5555-6666-7777-888899990000}.Debug|Any CPU.ActiveCfg = Debug|Any CPU
		{44444444-5555-6666-7777-888899990000}.Debug|Any CPU.Build.0 = Debug|Any CPU
		{44444444-5555-6666-7777-888899990000}.Debug|x64.ActiveCfg = Debug|Any CPU
		{44444444-5555-6666-7777-888899990000}.Debug|x64.Build.0 = Debug|Any CPU
		{44444444-5555-6666-7777-888899990000}.Debug|x86.ActiveCfg = Debug|Any CPU
		{44444444-5555-6666-7777-888899990000}.Debug|x86.Build.0 = Debug|Any CPU
		{44444444-5555-6666-7777-888899990000}.Release|Any CPU.ActiveCfg = Release|Any CPU
		{44444444-5555-6666-7777-888899990000}.Release|Any CPU.Build.0 = Release|Any CPU
		{44444444-5555-6666-7777-888899990000}.Release|x64.ActiveCfg = Release|Any CPU
		{44444444-5555-6666-7777-888899990000}.Release|x64.Build.0 = Release|Any CPU
		{44444444-5555-6666-7777-888899990000}.Release|x86.ActiveCfg = Release|Any CPU
		{44444444-5555-6666-7777-888899990000}.Release|x86.Build.0 = Release|Any CPU
		{55555555-6666-7777-8888-999900001111}.Debug|Any CPU.ActiveCfg = Debug|Any CPU
		{55555555-6666-7777-8888-999900001111}.Debug|Any CPU.Build.0 = Debug|Any CPU
		{55555555-6666-7777-8888-999900001111}.Debug|x64.ActiveCfg = Debug|Any CPU
		{55555555-6666-7777-8888-999900001111}.Debug|x64.Build.0 = Debug|Any CPU
		{55555555-6666-7777-8888-999900001111}.Debug|x86.ActiveCfg = Debug|Any CPU
		{55555555-6666-7777-8888-999900001111}.Debug|x86.Build.0 = Debug|Any CPU
		{55555555-6666-7777-8888-999900001111}.Release|Any CPU.ActiveCfg = Release|Any CPU
		{55555555-6666-7777-8888-999900001111}.Release|Any CPU.Build.0 = Release|Any CPU
		{55555555-6666-7777-8888-999900001111}.Release|x64.ActiveCfg = Release|Any CPU
		{55555555-6666-7777-8888-999900001111}.Release|x64.Build.0 = Release|Any CPU
		{55555555-6666-7777-8888-999900001111}.Release|x86.ActiveCfg = Release|Any CPU
		{55555555-6666-7777-8888-999900001111}.Release|x86.Build.0 = Release|Any CPU
		{66666666-7777-8888-9999-000011112222}.Debug|Any CPU.ActiveCfg = Debug|Any CPU
		{66666666-7777-8888-9999-000011112222}.Debug|Any CPU.Build.0 = Debug|Any CPU
		{66666666-7777-8888-9999-000011112222}.Debug|x64.ActiveCfg = Debug|Any CPU
		{66666666-7777-8888-9999-000011112222}.Debug|x64.Build.0 = Debug|Any CPU
		{66666666-7777-8888-9999-000011112222}.Debug|x86.ActiveCfg = Debug|Any CPU
		{66666666-7777-8888-9999-000011112222}.Debug|x86.Build.0 = Debug|Any CPU
		{66666666-7777-8888-9999-000011112222}.Release|Any CPU.ActiveCfg = Release|Any CPU
		{66666666-7777-8888-9999-000011112222}.Release|Any CPU.Build.0 = Release|Any CPU
		{66666666-7777-8888-9999-000011112222}.Release|x64.ActiveCfg = Release|Any CPU
		{66666666-7777-8888-9999-000011112222}.Release|x64.Build.0 = Release|Any CPU
		{66666666-7777-8888-9999-000011112222}.Release|x86.ActiveCfg = Release|Any CPU
		{66666666-7777-8888-9999-000011112222}.Release|x86.Build.0 = Release|Any CPU
		{2907C637-2E6A-40A9-A6E1-BA56DDC1D311}.Debug|Any CPU.ActiveCfg = Debug|Any CPU
		{2907C637-2E6A-40A9-A6E1-BA56DDC1D311}.Debug|Any CPU.Build.0 = Debug|Any CPU
		{2907C637-2E6A-40A9-A6E1-BA56DDC1D311}.Debug|x64.ActiveCfg = Debug|Any CPU
		{2907C637-2E6A-40A9-A6E1-BA56DDC1D311}.Debug|x64.Build.0 = Debug|Any CPU
		{2907C637-2E6A-40A9-A6E1-BA56DDC1D311}.Debug|x86.ActiveCfg = Debug|Any CPU
		{2907C637-2E6A-40A9-A6E1-BA56DDC1D311}.Debug|x86.Build.0 = Debug|Any CPU
		{2907C637-2E6A-40A9-A6E1-BA56DDC1D311}.Release|Any CPU.ActiveCfg = Release|Any CPU
		{2907C637-2E6A-40A9-A6E1-BA56DDC1D311}.Release|Any CPU.Build.0 = Release|Any CPU
		{2907C637-2E6A-40A9-A6E1-BA56DDC1D311}.Release|x64.ActiveCfg = Release|Any CPU
		{2907C637-2E6A-40A9-A6E1-BA56DDC1D311}.Release|x64.Build.0 = Release|Any CPU
		{2907C637-2E6A-40A9-A6E1-BA56DDC1D311}.Release|x86.ActiveCfg = Release|Any CPU
		{2907C637-2E6A-40A9-A6E1-BA56DDC1D311}.Release|x86.Build.0 = Release|Any CPU
		{17FB51B3-0068-4831-9BB1-C82BFE45BEB5}.Debug|Any CPU.ActiveCfg = Debug|Any CPU
		{17FB51B3-0068-4831-9BB1-C82BFE45BEB5}.Debug|Any CPU.Build.0 = Debug|Any CPU
		{17FB51B3-0068-4831-9BB1-C82BFE45BEB5}.Debug|x64.ActiveCfg = Debug|Any CPU
		{17FB51B3-0068-4831-9BB1-C82BFE45BEB5}.Debug|x64.Build.0 = Debug|Any CPU
		{17FB51B3-0068-4831-9BB1-C82BFE45BEB5}.Debug|x86.ActiveCfg = Debug|Any CPU
		{17FB51B3-0068-4831-9BB1-C82BFE45BEB5}.Debug|x86.Build.0 = Debug|Any CPU
		{17FB51B3-0068-4831-9BB1-C82BFE45BEB5}.Release|Any CPU.ActiveCfg = Release|Any CPU
		{17FB51B3-0068-4831-9BB1-C82BFE45BEB5}.Release|Any CPU.Build.0 = Release|Any CPU
		{17FB51B3-0068-4831-9BB1-C82BFE45BEB5}.Release|x64.ActiveCfg = Release|Any CPU
		{17FB51B3-0068-4831-9BB1-C82BFE45BEB5}.Release|x64.Build.0 = Release|Any CPU
		{17FB51B3-0068-4831-9BB1-C82BFE45BEB5}.Release|x86.ActiveCfg = Release|Any CPU
		{17FB51B3-0068-4831-9BB1-C82BFE45BEB5}.Release|x86.Build.0 = Release|Any CPU
		{4E7AB3C7-7A4C-4860-9869-2FF8EF2C66FD}.Debug|Any CPU.ActiveCfg = Debug|Any CPU
		{4E7AB3C7-7A4C-4860-9869-2FF8EF2C66FD}.Debug|Any CPU.Build.0 = Debug|Any CPU
		{4E7AB3C7-7A4C-4860-9869-2FF8EF2C66FD}.Debug|x64.ActiveCfg = Debug|Any CPU
		{4E7AB3C7-7A4C-4860-9869-2FF8EF2C66FD}.Debug|x64.Build.0 = Debug|Any CPU
		{4E7AB3C7-7A4C-4860-9869-2FF8EF2C66FD}.Debug|x86.ActiveCfg = Debug|Any CPU
		{4E7AB3C7-7A4C-4860-9869-2FF8EF2C66FD}.Debug|x86.Build.0 = Debug|Any CPU
		{4E7AB3C7-7A4C-4860-9869-2FF8EF2C66FD}.Release|Any CPU.ActiveCfg = Release|Any CPU
		{4E7AB3C7-7A4C-4860-9869-2FF8EF2C66FD}.Release|Any CPU.Build.0 = Release|Any CPU
		{4E7AB3C7-7A4C-4860-9869-2FF8EF2C66FD}.Release|x64.ActiveCfg = Release|Any CPU
		{4E7AB3C7-7A4C-4860-9869-2FF8EF2C66FD}.Release|x64.Build.0 = Release|Any CPU
		{4E7AB3C7-7A4C-4860-9869-2FF8EF2C66FD}.Release|x86.ActiveCfg = Release|Any CPU
		{4E7AB3C7-7A4C-4860-9869-2FF8EF2C66FD}.Release|x86.Build.0 = Release|Any CPU
		{C0A943F0-5026-40C5-928B-509D9C2BE171}.Debug|Any CPU.ActiveCfg = Debug|Any CPU
		{C0A943F0-5026-40C5-928B-509D9C2BE171}.Debug|Any CPU.Build.0 = Debug|Any CPU
		{C0A943F0-5026-40C5-928B-509D9C2BE171}.Debug|x64.ActiveCfg = Debug|Any CPU
		{C0A943F0-5026-40C5-928B-509D9C2BE171}.Debug|x64.Build.0 = Debug|Any CPU
		{C0A943F0-5026-40C5-928B-509D9C2BE171}.Debug|x86.ActiveCfg = Debug|Any CPU
		{C0A943F0-5026-40C5-928B-509D9C2BE171}.Debug|x86.Build.0 = Debug|Any CPU
		{C0A943F0-5026-40C5-928B-509D9C2BE171}.Release|Any CPU.ActiveCfg = Release|Any CPU
		{C0A943F0-5026-40C5-928B-509D9C2BE171}.Release|Any CPU.Build.0 = Release|Any CPU
		{C0A943F0-5026-40C5-928B-509D9C2BE171}.Release|x64.ActiveCfg = Release|Any CPU
		{C0A943F0-5026-40C5-928B-509D9C2BE171}.Release|x64.Build.0 = Release|Any CPU
		{C0A943F0-5026-40C5-928B-509D9C2BE171}.Release|x86.ActiveCfg = Release|Any CPU
		{C0A943F0-5026-40C5-928B-509D9C2BE171}.Release|x86.Build.0 = Release|Any CPU
		{E9643C72-D965-4E68-87B2-09D84B2A0BA2}.Debug|Any CPU.ActiveCfg = Debug|Any CPU
		{E9643C72-D965-4E68-87B2-09D84B2A0BA2}.Debug|Any CPU.Build.0 = Debug|Any CPU
		{E9643C72-D965-4E68-87B2-09D84B2A0BA2}.Debug|x64.ActiveCfg = Debug|Any CPU
		{E9643C72-D965-4E68-87B2-09D84B2A0BA2}.Debug|x64.Build.0 = Debug|Any CPU
		{E9643C72-D965-4E68-87B2-09D84B2A0BA2}.Debug|x86.ActiveCfg = Debug|Any CPU
		{E9643C72-D965-4E68-87B2-09D84B2A0BA2}.Debug|x86.Build.0 = Debug|Any CPU
		{E9643C72-D965-4E68-87B2-09D84B2A0BA2}.Release|Any CPU.ActiveCfg = Release|Any CPU
		{E9643C72-D965-4E68-87B2-09D84B2A0BA2}.Release|Any CPU.Build.0 = Release|Any CPU
		{E9643C72-D965-4E68-87B2-09D84B2A0BA2}.Release|x64.ActiveCfg = Release|Any CPU
		{E9643C72-D965-4E68-87B2-09D84B2A0BA2}.Release|x64.Build.0 = Release|Any CPU
		{E9643C72-D965-4E68-87B2-09D84B2A0BA2}.Release|x86.ActiveCfg = Release|Any CPU
		{E9643C72-D965-4E68-87B2-09D84B2A0BA2}.Release|x86.Build.0 = Release|Any CPU
		{1AB754E1-003E-4FC0-9D9D-9E394FA8B3C3}.Debug|Any CPU.ActiveCfg = Debug|Any CPU
		{1AB754E1-003E-4FC0-9D9D-9E394FA8B3C3}.Debug|Any CPU.Build.0 = Debug|Any CPU
		{1AB754E1-003E-4FC0-9D9D-9E394FA8B3C3}.Debug|x64.ActiveCfg = Debug|Any CPU
		{1AB754E1-003E-4FC0-9D9D-9E394FA8B3C3}.Debug|x64.Build.0 = Debug|Any CPU
		{1AB754E1-003E-4FC0-9D9D-9E394FA8B3C3}.Debug|x86.ActiveCfg = Debug|Any CPU
		{1AB754E1-003E-4FC0-9D9D-9E394FA8B3C3}.Debug|x86.Build.0 = Debug|Any CPU
		{1AB754E1-003E-4FC0-9D9D-9E394FA8B3C3}.Release|Any CPU.ActiveCfg = Release|Any CPU
		{1AB754E1-003E-4FC0-9D9D-9E394FA8B3C3}.Release|Any CPU.Build.0 = Release|Any CPU
		{1AB754E1-003E-4FC0-9D9D-9E394FA8B3C3}.Release|x64.ActiveCfg = Release|Any CPU
		{1AB754E1-003E-4FC0-9D9D-9E394FA8B3C3}.Release|x64.Build.0 = Release|Any CPU
		{1AB754E1-003E-4FC0-9D9D-9E394FA8B3C3}.Release|x86.ActiveCfg = Release|Any CPU
		{1AB754E1-003E-4FC0-9D9D-9E394FA8B3C3}.Release|x86.Build.0 = Release|Any CPU
		{F892A2C1-30A5-4E7B-9A8C-B2B2D1C1E4F5}.Debug|Any CPU.ActiveCfg = Debug|Any CPU
		{F892A2C1-30A5-4E7B-9A8C-B2B2D1C1E4F5}.Debug|Any CPU.Build.0 = Debug|Any CPU
		{F892A2C1-30A5-4E7B-9A8C-B2B2D1C1E4F5}.Debug|x64.ActiveCfg = Debug|Any CPU
		{F892A2C1-30A5-4E7B-9A8C-B2B2D1C1E4F5}.Debug|x64.Build.0 = Debug|Any CPU
		{F892A2C1-30A5-4E7B-9A8C-B2B2D1C1E4F5}.Debug|x86.ActiveCfg = Debug|Any CPU
		{F892A2C1-30A5-4E7B-9A8C-B2B2D1C1E4F5}.Debug|x86.Build.0 = Debug|Any CPU
		{F892A2C1-30A5-4E7B-9A8C-B2B2D1C1E4F5}.Release|Any CPU.ActiveCfg = Release|Any CPU
		{F892A2C1-30A5-4E7B-9A8C-B2B2D1C1E4F5}.Release|Any CPU.Build.0 = Release|Any CPU
		{F892A2C1-30A5-4E7B-9A8C-B2B2D1C1E4F5}.Release|x64.ActiveCfg = Release|Any CPU
		{F892A2C1-30A5-4E7B-9A8C-B2B2D1C1E4F5}.Release|x64.Build.0 = Release|Any CPU
		{F892A2C1-30A5-4E7B-9A8C-B2B2D1C1E4F5}.Release|x86.ActiveCfg = Release|Any CPU
		{F892A2C1-30A5-4E7B-9A8C-B2B2D1C1E4F5}.Release|x86.Build.0 = Release|Any CPU
		{A13B7A08-1D01-40B6-81E7-D1EE2EC25D52}.Debug|Any CPU.ActiveCfg = Debug|Any CPU
		{A13B7A08-1D01-40B6-81E7-D1EE2EC25D52}.Debug|Any CPU.Build.0 = Debug|Any CPU
		{A13B7A08-1D01-40B6-81E7-D1EE2EC25D52}.Debug|x64.ActiveCfg = Debug|Any CPU
		{A13B7A08-1D01-40B6-81E7-D1EE2EC25D52}.Debug|x64.Build.0 = Debug|Any CPU
		{A13B7A08-1D01-40B6-81E7-D1EE2EC25D52}.Debug|x86.ActiveCfg = Debug|Any CPU
		{A13B7A08-1D01-40B6-81E7-D1EE2EC25D52}.Debug|x86.Build.0 = Debug|Any CPU
		{A13B7A08-1D01-40B6-81E7-D1EE2EC25D52}.Release|Any CPU.ActiveCfg = Release|Any CPU
		{A13B7A08-1D01-40B6-81E7-D1EE2EC25D52}.Release|Any CPU.Build.0 = Release|Any CPU
		{A13B7A08-1D01-40B6-81E7-D1EE2EC25D52}.Release|x64.ActiveCfg = Release|Any CPU
		{A13B7A08-1D01-40B6-81E7-D1EE2EC25D52}.Release|x64.Build.0 = Release|Any CPU
		{A13B7A08-1D01-40B6-81E7-D1EE2EC25D52}.Release|x86.ActiveCfg = Release|Any CPU
		{A13B7A08-1D01-40B6-81E7-D1EE2EC25D52}.Release|x86.Build.0 = Release|Any CPU
		{545D9643-68C4-48F2-A405-995857129AA3}.Debug|Any CPU.ActiveCfg = Debug|Any CPU
		{545D9643-68C4-48F2-A405-995857129AA3}.Debug|Any CPU.Build.0 = Debug|Any CPU
		{545D9643-68C4-48F2-A405-995857129AA3}.Debug|x64.ActiveCfg = Debug|Any CPU
		{545D9643-68C4-48F2-A405-995857129AA3}.Debug|x64.Build.0 = Debug|Any CPU
		{545D9643-68C4-48F2-A405-995857129AA3}.Debug|x86.ActiveCfg = Debug|Any CPU
		{545D9643-68C4-48F2-A405-995857129AA3}.Debug|x86.Build.0 = Debug|Any CPU
		{545D9643-68C4-48F2-A405-995857129AA3}.Release|Any CPU.ActiveCfg = Release|Any CPU
		{545D9643-68C4-48F2-A405-995857129AA3}.Release|Any CPU.Build.0 = Release|Any CPU
		{545D9643-68C4-48F2-A405-995857129AA3}.Release|x64.ActiveCfg = Release|Any CPU
		{545D9643-68C4-48F2-A405-995857129AA3}.Release|x64.Build.0 = Release|Any CPU
		{545D9643-68C4-48F2-A405-995857129AA3}.Release|x86.ActiveCfg = Release|Any CPU
		{545D9643-68C4-48F2-A405-995857129AA3}.Release|x86.Build.0 = Release|Any CPU
		{6BC4053C-8AEC-4C59-B9D3-D6084D3D2B38}.Debug|Any CPU.ActiveCfg = Debug|Any CPU
		{6BC4053C-8AEC-4C59-B9D3-D6084D3D2B38}.Debug|Any CPU.Build.0 = Debug|Any CPU
		{6BC4053C-8AEC-4C59-B9D3-D6084D3D2B38}.Debug|x64.ActiveCfg = Debug|Any CPU
		{6BC4053C-8AEC-4C59-B9D3-D6084D3D2B38}.Debug|x64.Build.0 = Debug|Any CPU
		{6BC4053C-8AEC-4C59-B9D3-D6084D3D2B38}.Debug|x86.ActiveCfg = Debug|Any CPU
		{6BC4053C-8AEC-4C59-B9D3-D6084D3D2B38}.Debug|x86.Build.0 = Debug|Any CPU
		{6BC4053C-8AEC-4C59-B9D3-D6084D3D2B38}.Release|Any CPU.ActiveCfg = Release|Any CPU
		{6BC4053C-8AEC-4C59-B9D3-D6084D3D2B38}.Release|Any CPU.Build.0 = Release|Any CPU
		{6BC4053C-8AEC-4C59-B9D3-D6084D3D2B38}.Release|x64.ActiveCfg = Release|Any CPU
		{6BC4053C-8AEC-4C59-B9D3-D6084D3D2B38}.Release|x64.Build.0 = Release|Any CPU
		{6BC4053C-8AEC-4C59-B9D3-D6084D3D2B38}.Release|x86.ActiveCfg = Release|Any CPU
		{6BC4053C-8AEC-4C59-B9D3-D6084D3D2B38}.Release|x86.Build.0 = Release|Any CPU
		{D01545BC-9968-42B1-9258-BDD9E7E8144D}.Debug|Any CPU.ActiveCfg = Debug|Any CPU
		{D01545BC-9968-42B1-9258-BDD9E7E8144D}.Debug|Any CPU.Build.0 = Debug|Any CPU
		{D01545BC-9968-42B1-9258-BDD9E7E8144D}.Debug|x64.ActiveCfg = Debug|Any CPU
		{D01545BC-9968-42B1-9258-BDD9E7E8144D}.Debug|x64.Build.0 = Debug|Any CPU
		{D01545BC-9968-42B1-9258-BDD9E7E8144D}.Debug|x86.ActiveCfg = Debug|Any CPU
		{D01545BC-9968-42B1-9258-BDD9E7E8144D}.Debug|x86.Build.0 = Debug|Any CPU
		{D01545BC-9968-42B1-9258-BDD9E7E8144D}.Release|Any CPU.ActiveCfg = Release|Any CPU
		{D01545BC-9968-42B1-9258-BDD9E7E8144D}.Release|Any CPU.Build.0 = Release|Any CPU
		{D01545BC-9968-42B1-9258-BDD9E7E8144D}.Release|x64.ActiveCfg = Release|Any CPU
		{D01545BC-9968-42B1-9258-BDD9E7E8144D}.Release|x64.Build.0 = Release|Any CPU
		{D01545BC-9968-42B1-9258-BDD9E7E8144D}.Release|x86.ActiveCfg = Release|Any CPU
		{D01545BC-9968-42B1-9258-BDD9E7E8144D}.Release|x86.Build.0 = Release|Any CPU
		{6CEBB323-DB17-4F6A-A8CA-ECFDD1ACCD16}.Debug|Any CPU.ActiveCfg = Debug|Any CPU
		{6CEBB323-DB17-4F6A-A8CA-ECFDD1ACCD16}.Debug|Any CPU.Build.0 = Debug|Any CPU
		{6CEBB323-DB17-4F6A-A8CA-ECFDD1ACCD16}.Debug|x64.ActiveCfg = Debug|Any CPU
		{6CEBB323-DB17-4F6A-A8CA-ECFDD1ACCD16}.Debug|x64.Build.0 = Debug|Any CPU
		{6CEBB323-DB17-4F6A-A8CA-ECFDD1ACCD16}.Debug|x86.ActiveCfg = Debug|Any CPU
		{6CEBB323-DB17-4F6A-A8CA-ECFDD1ACCD16}.Debug|x86.Build.0 = Debug|Any CPU
		{6CEBB323-DB17-4F6A-A8CA-ECFDD1ACCD16}.Release|Any CPU.ActiveCfg = Release|Any CPU
		{6CEBB323-DB17-4F6A-A8CA-ECFDD1ACCD16}.Release|Any CPU.Build.0 = Release|Any CPU
		{6CEBB323-DB17-4F6A-A8CA-ECFDD1ACCD16}.Release|x64.ActiveCfg = Release|Any CPU
		{6CEBB323-DB17-4F6A-A8CA-ECFDD1ACCD16}.Release|x64.Build.0 = Release|Any CPU
		{6CEBB323-DB17-4F6A-A8CA-ECFDD1ACCD16}.Release|x86.ActiveCfg = Release|Any CPU
		{6CEBB323-DB17-4F6A-A8CA-ECFDD1ACCD16}.Release|x86.Build.0 = Release|Any CPU
		{A5E6BD6E-8CE1-44B1-8C17-8B7FE8BCA39C}.Debug|Any CPU.ActiveCfg = Debug|Any CPU
		{A5E6BD6E-8CE1-44B1-8C17-8B7FE8BCA39C}.Debug|Any CPU.Build.0 = Debug|Any CPU
		{A5E6BD6E-8CE1-44B1-8C17-8B7FE8BCA39C}.Debug|x64.ActiveCfg = Debug|Any CPU
		{A5E6BD6E-8CE1-44B1-8C17-8B7FE8BCA39C}.Debug|x64.Build.0 = Debug|Any CPU
		{A5E6BD6E-8CE1-44B1-8C17-8B7FE8BCA39C}.Debug|x86.ActiveCfg = Debug|Any CPU
		{A5E6BD6E-8CE1-44B1-8C17-8B7FE8BCA39C}.Debug|x86.Build.0 = Debug|Any CPU
		{A5E6BD6E-8CE1-44B1-8C17-8B7FE8BCA39C}.Release|Any CPU.ActiveCfg = Release|Any CPU
		{A5E6BD6E-8CE1-44B1-8C17-8B7FE8BCA39C}.Release|Any CPU.Build.0 = Release|Any CPU
		{A5E6BD6E-8CE1-44B1-8C17-8B7FE8BCA39C}.Release|x64.ActiveCfg = Release|Any CPU
		{A5E6BD6E-8CE1-44B1-8C17-8B7FE8BCA39C}.Release|x64.Build.0 = Release|Any CPU
		{A5E6BD6E-8CE1-44B1-8C17-8B7FE8BCA39C}.Release|x86.ActiveCfg = Release|Any CPU
		{A5E6BD6E-8CE1-44B1-8C17-8B7FE8BCA39C}.Release|x86.Build.0 = Release|Any CPU
		{FDF45543-A3CD-442B-8E99-B0E324F9651C}.Debug|Any CPU.ActiveCfg = Debug|Any CPU
		{FDF45543-A3CD-442B-8E99-B0E324F9651C}.Debug|Any CPU.Build.0 = Debug|Any CPU
		{FDF45543-A3CD-442B-8E99-B0E324F9651C}.Debug|x64.ActiveCfg = Debug|Any CPU
		{FDF45543-A3CD-442B-8E99-B0E324F9651C}.Debug|x64.Build.0 = Debug|Any CPU
		{FDF45543-A3CD-442B-8E99-B0E324F9651C}.Debug|x86.ActiveCfg = Debug|Any CPU
		{FDF45543-A3CD-442B-8E99-B0E324F9651C}.Debug|x86.Build.0 = Debug|Any CPU
		{FDF45543-A3CD-442B-8E99-B0E324F9651C}.Release|Any CPU.ActiveCfg = Release|Any CPU
		{FDF45543-A3CD-442B-8E99-B0E324F9651C}.Release|Any CPU.Build.0 = Release|Any CPU
		{FDF45543-A3CD-442B-8E99-B0E324F9651C}.Release|x64.ActiveCfg = Release|Any CPU
		{FDF45543-A3CD-442B-8E99-B0E324F9651C}.Release|x64.Build.0 = Release|Any CPU
		{FDF45543-A3CD-442B-8E99-B0E324F9651C}.Release|x86.ActiveCfg = Release|Any CPU
		{FDF45543-A3CD-442B-8E99-B0E324F9651C}.Release|x86.Build.0 = Release|Any CPU
		{005BCB44-333D-43EC-AD34-BDB3BEFB906D}.Debug|Any CPU.ActiveCfg = Debug|Any CPU
		{005BCB44-333D-43EC-AD34-BDB3BEFB906D}.Debug|Any CPU.Build.0 = Debug|Any CPU
		{005BCB44-333D-43EC-AD34-BDB3BEFB906D}.Debug|x64.ActiveCfg = Debug|Any CPU
		{005BCB44-333D-43EC-AD34-BDB3BEFB906D}.Debug|x64.Build.0 = Debug|Any CPU
		{005BCB44-333D-43EC-AD34-BDB3BEFB906D}.Debug|x86.ActiveCfg = Debug|Any CPU
		{005BCB44-333D-43EC-AD34-BDB3BEFB906D}.Debug|x86.Build.0 = Debug|Any CPU
		{005BCB44-333D-43EC-AD34-BDB3BEFB906D}.Release|Any CPU.ActiveCfg = Release|Any CPU
		{005BCB44-333D-43EC-AD34-BDB3BEFB906D}.Release|Any CPU.Build.0 = Release|Any CPU
		{005BCB44-333D-43EC-AD34-BDB3BEFB906D}.Release|x64.ActiveCfg = Release|Any CPU
		{005BCB44-333D-43EC-AD34-BDB3BEFB906D}.Release|x64.Build.0 = Release|Any CPU
		{005BCB44-333D-43EC-AD34-BDB3BEFB906D}.Release|x86.ActiveCfg = Release|Any CPU
		{005BCB44-333D-43EC-AD34-BDB3BEFB906D}.Release|x86.Build.0 = Release|Any CPU
		{F84BBCB5-4B23-4689-B2F4-BC19BD0EEF4F}.Debug|Any CPU.ActiveCfg = Debug|Any CPU
		{F84BBCB5-4B23-4689-B2F4-BC19BD0EEF4F}.Debug|Any CPU.Build.0 = Debug|Any CPU
		{F84BBCB5-4B23-4689-B2F4-BC19BD0EEF4F}.Debug|x64.ActiveCfg = Debug|Any CPU
		{F84BBCB5-4B23-4689-B2F4-BC19BD0EEF4F}.Debug|x64.Build.0 = Debug|Any CPU
		{F84BBCB5-4B23-4689-B2F4-BC19BD0EEF4F}.Debug|x86.ActiveCfg = Debug|Any CPU
		{F84BBCB5-4B23-4689-B2F4-BC19BD0EEF4F}.Debug|x86.Build.0 = Debug|Any CPU
		{F84BBCB5-4B23-4689-B2F4-BC19BD0EEF4F}.Release|Any CPU.ActiveCfg = Release|Any CPU
		{F84BBCB5-4B23-4689-B2F4-BC19BD0EEF4F}.Release|Any CPU.Build.0 = Release|Any CPU
		{F84BBCB5-4B23-4689-B2F4-BC19BD0EEF4F}.Release|x64.ActiveCfg = Release|Any CPU
		{F84BBCB5-4B23-4689-B2F4-BC19BD0EEF4F}.Release|x64.Build.0 = Release|Any CPU
		{F84BBCB5-4B23-4689-B2F4-BC19BD0EEF4F}.Release|x86.ActiveCfg = Release|Any CPU
		{F84BBCB5-4B23-4689-B2F4-BC19BD0EEF4F}.Release|x86.Build.0 = Release|Any CPU
		{28D3243E-908B-4BAD-845F-DDB9E03C776B}.Debug|Any CPU.ActiveCfg = Debug|Any CPU
		{28D3243E-908B-4BAD-845F-DDB9E03C776B}.Debug|Any CPU.Build.0 = Debug|Any CPU
		{28D3243E-908B-4BAD-845F-DDB9E03C776B}.Debug|x64.ActiveCfg = Debug|Any CPU
		{28D3243E-908B-4BAD-845F-DDB9E03C776B}.Debug|x64.Build.0 = Debug|Any CPU
		{28D3243E-908B-4BAD-845F-DDB9E03C776B}.Debug|x86.ActiveCfg = Debug|Any CPU
		{28D3243E-908B-4BAD-845F-DDB9E03C776B}.Debug|x86.Build.0 = Debug|Any CPU
		{28D3243E-908B-4BAD-845F-DDB9E03C776B}.Release|Any CPU.ActiveCfg = Release|Any CPU
		{28D3243E-908B-4BAD-845F-DDB9E03C776B}.Release|Any CPU.Build.0 = Release|Any CPU
		{28D3243E-908B-4BAD-845F-DDB9E03C776B}.Release|x64.ActiveCfg = Release|Any CPU
		{28D3243E-908B-4BAD-845F-DDB9E03C776B}.Release|x64.Build.0 = Release|Any CPU
		{28D3243E-908B-4BAD-845F-DDB9E03C776B}.Release|x86.ActiveCfg = Release|Any CPU
		{28D3243E-908B-4BAD-845F-DDB9E03C776B}.Release|x86.Build.0 = Release|Any CPU
		{6D8F6F0E-2CC9-4E93-9A3B-DFEB94F822DE}.Debug|Any CPU.ActiveCfg = Debug|Any CPU
		{6D8F6F0E-2CC9-4E93-9A3B-DFEB94F822DE}.Debug|Any CPU.Build.0 = Debug|Any CPU
		{6D8F6F0E-2CC9-4E93-9A3B-DFEB94F822DE}.Debug|x64.ActiveCfg = Debug|Any CPU
		{6D8F6F0E-2CC9-4E93-9A3B-DFEB94F822DE}.Debug|x64.Build.0 = Debug|Any CPU
		{6D8F6F0E-2CC9-4E93-9A3B-DFEB94F822DE}.Debug|x86.ActiveCfg = Debug|Any CPU
		{6D8F6F0E-2CC9-4E93-9A3B-DFEB94F822DE}.Debug|x86.Build.0 = Debug|Any CPU
		{6D8F6F0E-2CC9-4E93-9A3B-DFEB94F822DE}.Release|Any CPU.ActiveCfg = Release|Any CPU
		{6D8F6F0E-2CC9-4E93-9A3B-DFEB94F822DE}.Release|Any CPU.Build.0 = Release|Any CPU
		{6D8F6F0E-2CC9-4E93-9A3B-DFEB94F822DE}.Release|x64.ActiveCfg = Release|Any CPU
		{6D8F6F0E-2CC9-4E93-9A3B-DFEB94F822DE}.Release|x64.Build.0 = Release|Any CPU
		{6D8F6F0E-2CC9-4E93-9A3B-DFEB94F822DE}.Release|x86.ActiveCfg = Release|Any CPU
		{6D8F6F0E-2CC9-4E93-9A3B-DFEB94F822DE}.Release|x86.Build.0 = Release|Any CPU
		{D768DFAF-5928-4E7C-9CDE-FF688D590AA4}.Debug|Any CPU.ActiveCfg = Debug|Any CPU
		{D768DFAF-5928-4E7C-9CDE-FF688D590AA4}.Debug|Any CPU.Build.0 = Debug|Any CPU
		{D768DFAF-5928-4E7C-9CDE-FF688D590AA4}.Debug|x64.ActiveCfg = Debug|Any CPU
		{D768DFAF-5928-4E7C-9CDE-FF688D590AA4}.Debug|x64.Build.0 = Debug|Any CPU
		{D768DFAF-5928-4E7C-9CDE-FF688D590AA4}.Debug|x86.ActiveCfg = Debug|Any CPU
		{D768DFAF-5928-4E7C-9CDE-FF688D590AA4}.Debug|x86.Build.0 = Debug|Any CPU
		{D768DFAF-5928-4E7C-9CDE-FF688D590AA4}.Release|Any CPU.ActiveCfg = Release|Any CPU
		{D768DFAF-5928-4E7C-9CDE-FF688D590AA4}.Release|Any CPU.Build.0 = Release|Any CPU
		{D768DFAF-5928-4E7C-9CDE-FF688D590AA4}.Release|x64.ActiveCfg = Release|Any CPU
		{D768DFAF-5928-4E7C-9CDE-FF688D590AA4}.Release|x64.Build.0 = Release|Any CPU
		{D768DFAF-5928-4E7C-9CDE-FF688D590AA4}.Release|x86.ActiveCfg = Release|Any CPU
		{D768DFAF-5928-4E7C-9CDE-FF688D590AA4}.Release|x86.Build.0 = Release|Any CPU
		{334D9940-6837-4AC0-A14F-CB6D1B9A09B2}.Debug|Any CPU.ActiveCfg = Debug|Any CPU
		{334D9940-6837-4AC0-A14F-CB6D1B9A09B2}.Debug|Any CPU.Build.0 = Debug|Any CPU
		{334D9940-6837-4AC0-A14F-CB6D1B9A09B2}.Debug|x64.ActiveCfg = Debug|Any CPU
		{334D9940-6837-4AC0-A14F-CB6D1B9A09B2}.Debug|x64.Build.0 = Debug|Any CPU
		{334D9940-6837-4AC0-A14F-CB6D1B9A09B2}.Debug|x86.ActiveCfg = Debug|Any CPU
		{334D9940-6837-4AC0-A14F-CB6D1B9A09B2}.Debug|x86.Build.0 = Debug|Any CPU
		{334D9940-6837-4AC0-A14F-CB6D1B9A09B2}.Release|Any CPU.ActiveCfg = Release|Any CPU
		{334D9940-6837-4AC0-A14F-CB6D1B9A09B2}.Release|Any CPU.Build.0 = Release|Any CPU
		{334D9940-6837-4AC0-A14F-CB6D1B9A09B2}.Release|x64.ActiveCfg = Release|Any CPU
		{334D9940-6837-4AC0-A14F-CB6D1B9A09B2}.Release|x64.Build.0 = Release|Any CPU
		{334D9940-6837-4AC0-A14F-CB6D1B9A09B2}.Release|x86.ActiveCfg = Release|Any CPU
		{334D9940-6837-4AC0-A14F-CB6D1B9A09B2}.Release|x86.Build.0 = Release|Any CPU
		{B142D220-ED65-43B5-9CA2-B5BEE069547A}.Debug|Any CPU.ActiveCfg = Debug|Any CPU
		{B142D220-ED65-43B5-9CA2-B5BEE069547A}.Debug|Any CPU.Build.0 = Debug|Any CPU
		{B142D220-ED65-43B5-9CA2-B5BEE069547A}.Debug|x64.ActiveCfg = Debug|Any CPU
		{B142D220-ED65-43B5-9CA2-B5BEE069547A}.Debug|x64.Build.0 = Debug|Any CPU
		{B142D220-ED65-43B5-9CA2-B5BEE069547A}.Debug|x86.ActiveCfg = Debug|Any CPU
		{B142D220-ED65-43B5-9CA2-B5BEE069547A}.Debug|x86.Build.0 = Debug|Any CPU
		{B142D220-ED65-43B5-9CA2-B5BEE069547A}.Release|Any CPU.ActiveCfg = Release|Any CPU
		{B142D220-ED65-43B5-9CA2-B5BEE069547A}.Release|Any CPU.Build.0 = Release|Any CPU
		{B142D220-ED65-43B5-9CA2-B5BEE069547A}.Release|x64.ActiveCfg = Release|Any CPU
		{B142D220-ED65-43B5-9CA2-B5BEE069547A}.Release|x64.Build.0 = Release|Any CPU
		{B142D220-ED65-43B5-9CA2-B5BEE069547A}.Release|x86.ActiveCfg = Release|Any CPU
		{B142D220-ED65-43B5-9CA2-B5BEE069547A}.Release|x86.Build.0 = Release|Any CPU
		{A53425C6-56C9-487B-884D-05E7A6150527}.Debug|Any CPU.ActiveCfg = Debug|Any CPU
		{A53425C6-56C9-487B-884D-05E7A6150527}.Debug|Any CPU.Build.0 = Debug|Any CPU
		{A53425C6-56C9-487B-884D-05E7A6150527}.Debug|x64.ActiveCfg = Debug|Any CPU
		{A53425C6-56C9-487B-884D-05E7A6150527}.Debug|x64.Build.0 = Debug|Any CPU
		{A53425C6-56C9-487B-884D-05E7A6150527}.Debug|x86.ActiveCfg = Debug|Any CPU
		{A53425C6-56C9-487B-884D-05E7A6150527}.Debug|x86.Build.0 = Debug|Any CPU
		{A53425C6-56C9-487B-884D-05E7A6150527}.Release|Any CPU.ActiveCfg = Release|Any CPU
		{A53425C6-56C9-487B-884D-05E7A6150527}.Release|Any CPU.Build.0 = Release|Any CPU
		{A53425C6-56C9-487B-884D-05E7A6150527}.Release|x64.ActiveCfg = Release|Any CPU
		{A53425C6-56C9-487B-884D-05E7A6150527}.Release|x64.Build.0 = Release|Any CPU
		{A53425C6-56C9-487B-884D-05E7A6150527}.Release|x86.ActiveCfg = Release|Any CPU
		{A53425C6-56C9-487B-884D-05E7A6150527}.Release|x86.Build.0 = Release|Any CPU
		{F940553E-2957-4E80-A92C-6D10D8B8F067}.Debug|Any CPU.ActiveCfg = Debug|Any CPU
		{F940553E-2957-4E80-A92C-6D10D8B8F067}.Debug|Any CPU.Build.0 = Debug|Any CPU
		{F940553E-2957-4E80-A92C-6D10D8B8F067}.Debug|x64.ActiveCfg = Debug|Any CPU
		{F940553E-2957-4E80-A92C-6D10D8B8F067}.Debug|x64.Build.0 = Debug|Any CPU
		{F940553E-2957-4E80-A92C-6D10D8B8F067}.Debug|x86.ActiveCfg = Debug|Any CPU
		{F940553E-2957-4E80-A92C-6D10D8B8F067}.Debug|x86.Build.0 = Debug|Any CPU
		{F940553E-2957-4E80-A92C-6D10D8B8F067}.Release|Any CPU.ActiveCfg = Release|Any CPU
		{F940553E-2957-4E80-A92C-6D10D8B8F067}.Release|Any CPU.Build.0 = Release|Any CPU
		{F940553E-2957-4E80-A92C-6D10D8B8F067}.Release|x64.ActiveCfg = Release|Any CPU
		{F940553E-2957-4E80-A92C-6D10D8B8F067}.Release|x64.Build.0 = Release|Any CPU
		{F940553E-2957-4E80-A92C-6D10D8B8F067}.Release|x86.ActiveCfg = Release|Any CPU
		{F940553E-2957-4E80-A92C-6D10D8B8F067}.Release|x86.Build.0 = Release|Any CPU
		{D7734B3F-3463-4CF9-95E9-2CF225AF1AFF}.Debug|Any CPU.ActiveCfg = Debug|x64
		{D7734B3F-3463-4CF9-95E9-2CF225AF1AFF}.Debug|Any CPU.Build.0 = Debug|x64
		{D7734B3F-3463-4CF9-95E9-2CF225AF1AFF}.Debug|x64.ActiveCfg = Debug|x64
		{D7734B3F-3463-4CF9-95E9-2CF225AF1AFF}.Debug|x64.Build.0 = Debug|x64
		{D7734B3F-3463-4CF9-95E9-2CF225AF1AFF}.Debug|x86.ActiveCfg = Debug|x64
		{D7734B3F-3463-4CF9-95E9-2CF225AF1AFF}.Debug|x86.Build.0 = Debug|x64
		{D7734B3F-3463-4CF9-95E9-2CF225AF1AFF}.Release|Any CPU.ActiveCfg = Release|x64
		{D7734B3F-3463-4CF9-95E9-2CF225AF1AFF}.Release|Any CPU.Build.0 = Release|x64
		{D7734B3F-3463-4CF9-95E9-2CF225AF1AFF}.Release|x64.ActiveCfg = Release|x64
		{D7734B3F-3463-4CF9-95E9-2CF225AF1AFF}.Release|x64.Build.0 = Release|x64
		{D7734B3F-3463-4CF9-95E9-2CF225AF1AFF}.Release|x86.ActiveCfg = Release|x64
		{D7734B3F-3463-4CF9-95E9-2CF225AF1AFF}.Release|x86.Build.0 = Release|x64
		{5D4A4DE5-A722-4C8C-A5EE-E820699D5ED6}.Debug|Any CPU.ActiveCfg = Debug|Any CPU
		{5D4A4DE5-A722-4C8C-A5EE-E820699D5ED6}.Debug|Any CPU.Build.0 = Debug|Any CPU
		{5D4A4DE5-A722-4C8C-A5EE-E820699D5ED6}.Debug|x64.ActiveCfg = Debug|Any CPU
		{5D4A4DE5-A722-4C8C-A5EE-E820699D5ED6}.Debug|x64.Build.0 = Debug|Any CPU
		{5D4A4DE5-A722-4C8C-A5EE-E820699D5ED6}.Debug|x86.ActiveCfg = Debug|Any CPU
		{5D4A4DE5-A722-4C8C-A5EE-E820699D5ED6}.Debug|x86.Build.0 = Debug|Any CPU
		{5D4A4DE5-A722-4C8C-A5EE-E820699D5ED6}.Release|Any CPU.ActiveCfg = Release|Any CPU
		{5D4A4DE5-A722-4C8C-A5EE-E820699D5ED6}.Release|Any CPU.Build.0 = Release|Any CPU
		{5D4A4DE5-A722-4C8C-A5EE-E820699D5ED6}.Release|x64.ActiveCfg = Release|Any CPU
		{5D4A4DE5-A722-4C8C-A5EE-E820699D5ED6}.Release|x64.Build.0 = Release|Any CPU
		{5D4A4DE5-A722-4C8C-A5EE-E820699D5ED6}.Release|x86.ActiveCfg = Release|Any CPU
		{5D4A4DE5-A722-4C8C-A5EE-E820699D5ED6}.Release|x86.Build.0 = Release|Any CPU
	EndGlobalSection
	GlobalSection(SolutionProperties) = preSolution
		HideSolutionNode = FALSE
	EndGlobalSection
	GlobalSection(NestedProjects) = preSolution
		{2907C637-2E6A-40A9-A6E1-BA56DDC1D311} = {827E0CD3-B72D-47B6-A68D-7590B98EB39B}
		{17FB51B3-0068-4831-9BB1-C82BFE45BEB5} = {827E0CD3-B72D-47B6-A68D-7590B98EB39B}
		{4E7AB3C7-7A4C-4860-9869-2FF8EF2C66FD} = {827E0CD3-B72D-47B6-A68D-7590B98EB39B}
		{C0A943F0-5026-40C5-928B-509D9C2BE171} = {827E0CD3-B72D-47B6-A68D-7590B98EB39B}
		{E9643C72-D965-4E68-87B2-09D84B2A0BA2} = {827E0CD3-B72D-47B6-A68D-7590B98EB39B}
		{1AB754E1-003E-4FC0-9D9D-9E394FA8B3C3} = {827E0CD3-B72D-47B6-A68D-7590B98EB39B}
		{F892A2C1-30A5-4E7B-9A8C-B2B2D1C1E4F5} = {827E0CD3-B72D-47B6-A68D-7590B98EB39B}
		{A13B7A08-1D01-40B6-81E7-D1EE2EC25D52} = {827E0CD3-B72D-47B6-A68D-7590B98EB39B}
		{545D9643-68C4-48F2-A405-995857129AA3} = {827E0CD3-B72D-47B6-A68D-7590B98EB39B}
		{6BC4053C-8AEC-4C59-B9D3-D6084D3D2B38} = {827E0CD3-B72D-47B6-A68D-7590B98EB39B}
		{D01545BC-9968-42B1-9258-BDD9E7E8144D} = {827E0CD3-B72D-47B6-A68D-7590B98EB39B}
		{6CEBB323-DB17-4F6A-A8CA-ECFDD1ACCD16} = {827E0CD3-B72D-47B6-A68D-7590B98EB39B}
		{A5E6BD6E-8CE1-44B1-8C17-8B7FE8BCA39C} = {827E0CD3-B72D-47B6-A68D-7590B98EB39B}
		{FDF45543-A3CD-442B-8E99-B0E324F9651C} = {827E0CD3-B72D-47B6-A68D-7590B98EB39B}
		{005BCB44-333D-43EC-AD34-BDB3BEFB906D} = {827E0CD3-B72D-47B6-A68D-7590B98EB39B}
		{F84BBCB5-4B23-4689-B2F4-BC19BD0EEF4F} = {0AB3BF05-4346-4AA6-1389-037BE0695223}
		{28D3243E-908B-4BAD-845F-DDB9E03C776B} = {827E0CD3-B72D-47B6-A68D-7590B98EB39B}
		{6D8F6F0E-2CC9-4E93-9A3B-DFEB94F822DE} = {827E0CD3-B72D-47B6-A68D-7590B98EB39B}
		{D768DFAF-5928-4E7C-9CDE-FF688D590AA4} = {827E0CD3-B72D-47B6-A68D-7590B98EB39B}
		{334D9940-6837-4AC0-A14F-CB6D1B9A09B2} = {827E0CD3-B72D-47B6-A68D-7590B98EB39B}
		{B142D220-ED65-43B5-9CA2-B5BEE069547A} = {827E0CD3-B72D-47B6-A68D-7590B98EB39B}
		{A53425C6-56C9-487B-884D-05E7A6150527} = {827E0CD3-B72D-47B6-A68D-7590B98EB39B}
		{F940553E-2957-4E80-A92C-6D10D8B8F067} = {827E0CD3-B72D-47B6-A68D-7590B98EB39B}
		{D7734B3F-3463-4CF9-95E9-2CF225AF1AFF} = {827E0CD3-B72D-47B6-A68D-7590B98EB39B}
		{5D4A4DE5-A722-4C8C-A5EE-E820699D5ED6} = {0AB3BF05-4346-4AA6-1389-037BE0695223}
	EndGlobalSection
EndGlobal
